
Microsoft Visual Studio Solution File, Format Version 12.00
# Visual Studio 15
VisualStudioVersion = 15.0.28307.421
MinimumVisualStudioVersion = 10.0.40219.1
Project("{FAE04EC0-301F-11D3-BF4B-00C04F79EFBC}") = "organizadorBilhetesECHService", "organizadorBilhetesECHService\organizadorBilhetesECHService.csproj", "{B5E7D234-379B-4F76-8F95-873C2FECB977}"
EndProject
Global
	GlobalSection(SolutionConfigurationPlatforms) = preSolution
		Debug|Any CPU = Debug|Any CPU
		Release|Any CPU = Release|Any CPU
	EndGlobalSection
	GlobalSection(ProjectConfigurationPlatforms) = postSolution
		{B5E7D234-379B-4F76-8F95-873C2FECB977}.Debug|Any CPU.ActiveCfg = Debug|Any CPU
		{B5E7D234-379B-4F76-8F95-873C2FECB977}.Debug|Any CPU.Build.0 = Debug|Any CPU
		{B5E7D234-379B-4F76-8F95-873C2FECB977}.Release|Any CPU.ActiveCfg = Release|Any CPU
		{B5E7D234-379B-4F76-8F95-873C2FECB977}.Release|Any CPU.Build.0 = Release|Any CPU
	EndGlobalSection
	GlobalSection(SolutionProperties) = preSolution
		HideSolutionNode = FALSE
	EndGlobalSection
	GlobalSection(ExtensibilityGlobals) = postSolution
		SolutionGuid = {6D6FC4ED-7152-4910-B8A4-564CC61A654E}
	EndGlobalSection
EndGlobal
